
Microsoft Visual Studio Solution File, Format Version 12.00
# Visual Studio Version 17
VisualStudioVersion = 17.2.32505.173
MinimumVisualStudioVersion = 10.0.40219.1
Project("{9A19103F-16F7-4668-BE54-9A1E7A4F7556}") = "CreditWebApi.Tests", "CreditWebApi.Tests\CreditWebApi.Tests.csproj", "{31E5C3B8-ACED-4B62-81DE-222684DD2096}"
EndProject
Project("{9A19103F-16F7-4668-BE54-9A1E7A4F7556}") = "CreditWebApi", "CreditWebApi\CreditWebApi.csproj", "{32FCBA81-3684-44A7-953E-30A12CF8D38D}"
EndProject
Global
	GlobalSection(SolutionConfigurationPlatforms) = preSolution
		Debug|Any CPU = Debug|Any CPU
		Release|Any CPU = Release|Any CPU
	EndGlobalSection
	GlobalSection(ProjectConfigurationPlatforms) = postSolution
		{31E5C3B8-ACED-4B62-81DE-222684DD2096}.Debug|Any CPU.ActiveCfg = Debug|Any CPU
		{31E5C3B8-ACED-4B62-81DE-222684DD2096}.Debug|Any CPU.Build.0 = Debug|Any CPU
		{31E5C3B8-ACED-4B62-81DE-222684DD2096}.Release|Any CPU.ActiveCfg = Release|Any CPU
		{31E5C3B8-ACED-4B62-81DE-222684DD2096}.Release|Any CPU.Build.0 = Release|Any CPU
		{32FCBA81-3684-44A7-953E-30A12CF8D38D}.Debug|Any CPU.ActiveCfg = Debug|Any CPU
		{32FCBA81-3684-44A7-953E-30A12CF8D38D}.Debug|Any CPU.Build.0 = Debug|Any CPU
		{32FCBA81-3684-44A7-953E-30A12CF8D38D}.Release|Any CPU.ActiveCfg = Release|Any CPU
		{32FCBA81-3684-44A7-953E-30A12CF8D38D}.Release|Any CPU.Build.0 = Release|Any CPU
	EndGlobalSection
	GlobalSection(SolutionProperties) = preSolution
		HideSolutionNode = FALSE
	EndGlobalSection
	GlobalSection(ExtensibilityGlobals) = postSolution
		SolutionGuid = {9A825281-4AC3-479C-A49F-1FE1FE7AB163}
	EndGlobalSection
EndGlobal
